
Microsoft Visual Studio Solution File, Format Version 12.00
# Visual Studio Version 17
VisualStudioVersion = 17.0.31912.275
MinimumVisualStudioVersion = 10.0.40219.1
Project("{FAE04EC0-301F-11D3-BF4B-00C04F79EFBC}") = "TrackerUI1", "TrackerUI1\TrackerUI1.csproj", "{091D2112-D690-4087-B635-D827A1A5E977}"
EndProject
Project("{FAE04EC0-301F-11D3-BF4B-00C04F79EFBC}") = "TrackerLibrary", "TrackerLibrary\TrackerLibrary.csproj", "{215F6123-7811-4A68-BAB7-55B41F1DAE40}"
EndProject
Global
	GlobalSection(SolutionConfigurationPlatforms) = preSolution
		Debug|Any CPU = Debug|Any CPU
		Release|Any CPU = Release|Any CPU
	EndGlobalSection
	GlobalSection(ProjectConfigurationPlatforms) = postSolution
		{091D2112-D690-4087-B635-D827A1A5E977}.Debug|Any CPU.ActiveCfg = Debug|Any CPU
		{091D2112-D690-4087-B635-D827A1A5E977}.Debug|Any CPU.Build.0 = Debug|Any CPU
		{091D2112-D690-4087-B635-D827A1A5E977}.Release|Any CPU.ActiveCfg = Release|Any CPU
		{091D2112-D690-4087-B635-D827A1A5E977}.Release|Any CPU.Build.0 = Release|Any CPU
		{215F6123-7811-4A68-BAB7-55B41F1DAE40}.Debug|Any CPU.ActiveCfg = Debug|Any CPU
		{215F6123-7811-4A68-BAB7-55B41F1DAE40}.Debug|Any CPU.Build.0 = Debug|Any CPU
		{215F6123-7811-4A68-BAB7-55B41F1DAE40}.Release|Any CPU.ActiveCfg = Release|Any CPU
		{215F6123-7811-4A68-BAB7-55B41F1DAE40}.Release|Any CPU.Build.0 = Release|Any CPU
	EndGlobalSection
	GlobalSection(SolutionProperties) = preSolution
		HideSolutionNode = FALSE
	EndGlobalSection
	GlobalSection(ExtensibilityGlobals) = postSolution
		SolutionGuid = {C44BDBD2-212B-485E-BF94-C3140A641587}
	EndGlobalSection
EndGlobal
